// !$*UTF8*$!
{
	archiveVersion = 1;
	classes = {
	};
	objectVersion = 46;
	objects = {

/* Begin PBXBuildFile section */
		CD0AE3A81EA46514007A3798 /* PassthroughView.swift in Sources */ = {isa = PBXBuildFile; fileRef = CD0AE3A71EA46514007A3798 /* PassthroughView.swift */; };
		CD583C611EA050CD000D624A /* UIColor.swift in Sources */ = {isa = PBXBuildFile; fileRef = CD583C601EA050CD000D624A /* UIColor.swift */; };
		CD583C631EA05C83000D624A /* MM3DButton.swift in Sources */ = {isa = PBXBuildFile; fileRef = CD583C621EA05C83000D624A /* MM3DButton.swift */; };
		CD583C651EA06A6D000D624A /* TestData.swift in Sources */ = {isa = PBXBuildFile; fileRef = CD583C641EA06A6D000D624A /* TestData.swift */; };
		CD6F3CED1E99E9EE005B42A5 /* AppDelegate.swift in Sources */ = {isa = PBXBuildFile; fileRef = CD6F3CEC1E99E9EE005B42A5 /* AppDelegate.swift */; };
		CD6F3CF21E99E9EE005B42A5 /* Main.storyboard in Resources */ = {isa = PBXBuildFile; fileRef = CD6F3CF01E99E9EE005B42A5 /* Main.storyboard */; };
		CD6F3CF41E99E9EE005B42A5 /* Assets.xcassets in Resources */ = {isa = PBXBuildFile; fileRef = CD6F3CF31E99E9EE005B42A5 /* Assets.xcassets */; };
		CD6F3CF71E99E9EE005B42A5 /* LaunchScreen.storyboard in Resources */ = {isa = PBXBuildFile; fileRef = CD6F3CF51E99E9EE005B42A5 /* LaunchScreen.storyboard */; };
		CD6F3D001E99EACA005B42A5 /* NumberButton.swift in Sources */ = {isa = PBXBuildFile; fileRef = CD6F3CFF1E99EACA005B42A5 /* NumberButton.swift */; };
		CD77E2AB1EA53E4D004CC7F3 /* PaddingTextField.swift in Sources */ = {isa = PBXBuildFile; fileRef = CD77E2AA1EA53E4D004CC7F3 /* PaddingTextField.swift */; };
		CD77E2B81EA552E1004CC7F3 /* CardBaseCollectionViewLayout.swift in Sources */ = {isa = PBXBuildFile; fileRef = CD77E2B71EA552E1004CC7F3 /* CardBaseCollectionViewLayout.swift */; };
		CD77E2BA1EA55AF8004CC7F3 /* AddPaymentViewController.swift in Sources */ = {isa = PBXBuildFile; fileRef = CD77E2B91EA55AF8004CC7F3 /* AddPaymentViewController.swift */; };
		CD77E2BC1EA55B1C004CC7F3 /* CategoryLayoutAttribute.swift in Sources */ = {isa = PBXBuildFile; fileRef = CD77E2BB1EA55B1C004CC7F3 /* CategoryLayoutAttribute.swift */; };
		CD77E2BE1EA55BB6004CC7F3 /* CategoryCollectionViewCell.swift in Sources */ = {isa = PBXBuildFile; fileRef = CD77E2BD1EA55BB6004CC7F3 /* CategoryCollectionViewCell.swift */; };
		CD77E2C01EA55ED1004CC7F3 /* CategoryReasonViewModel.swift in Sources */ = {isa = PBXBuildFile; fileRef = CD77E2BF1EA55ED1004CC7F3 /* CategoryReasonViewModel.swift */; };
		CD77E2C21EA56DBA004CC7F3 /* UIView.swift in Sources */ = {isa = PBXBuildFile; fileRef = CD77E2C11EA56DBA004CC7F3 /* UIView.swift */; };
		CD77E2C91EA5930F004CC7F3 /* ListReasonConfigurator.swift in Sources */ = {isa = PBXBuildFile; fileRef = CD77E2C41EA5930F004CC7F3 /* ListReasonConfigurator.swift */; };
		CD77E2CA1EA5930F004CC7F3 /* ListReasonRouter.swift in Sources */ = {isa = PBXBuildFile; fileRef = CD77E2C51EA5930F004CC7F3 /* ListReasonRouter.swift */; };
		CD77E2CB1EA5930F004CC7F3 /* ListReasonViewController.swift in Sources */ = {isa = PBXBuildFile; fileRef = CD77E2C61EA5930F004CC7F3 /* ListReasonViewController.swift */; };
		CD77E2CC1EA5930F004CC7F3 /* ReasonTableViewCell.swift in Sources */ = {isa = PBXBuildFile; fileRef = CD77E2C71EA5930F004CC7F3 /* ReasonTableViewCell.swift */; };
		CD77E2CD1EA5930F004CC7F3 /* ReasonViewModel.swift in Sources */ = {isa = PBXBuildFile; fileRef = CD77E2C81EA5930F004CC7F3 /* ReasonViewModel.swift */; };
		CD77E2D21EA5934F004CC7F3 /* AddReasonConfigurator.swift in Sources */ = {isa = PBXBuildFile; fileRef = CD77E2CF1EA5934F004CC7F3 /* AddReasonConfigurator.swift */; };
		CD77E2D31EA5934F004CC7F3 /* AddReasonRouter.swift in Sources */ = {isa = PBXBuildFile; fileRef = CD77E2D01EA5934F004CC7F3 /* AddReasonRouter.swift */; };
		CD77E2D41EA5934F004CC7F3 /* AddReasonViewController.swift in Sources */ = {isa = PBXBuildFile; fileRef = CD77E2D11EA5934F004CC7F3 /* AddReasonViewController.swift */; };
		CD77E2D61EA593C9004CC7F3 /* AddPaymentRouter.swift in Sources */ = {isa = PBXBuildFile; fileRef = CD77E2D51EA593C9004CC7F3 /* AddPaymentRouter.swift */; };
		CD77E2D81EA59424004CC7F3 /* AddPaymentConfigurator.swift in Sources */ = {isa = PBXBuildFile; fileRef = CD77E2D71EA59424004CC7F3 /* AddPaymentConfigurator.swift */; };
		CD77E2DB1EA595E5004CC7F3 /* LinearTransitionAnimator.swift in Sources */ = {isa = PBXBuildFile; fileRef = CD77E2DA1EA595E5004CC7F3 /* LinearTransitionAnimator.swift */; };
		CD77E2DD1EA5A182004CC7F3 /* DimmingPresentationController.swift in Sources */ = {isa = PBXBuildFile; fileRef = CD77E2DC1EA5A182004CC7F3 /* DimmingPresentationController.swift */; };
		CD9381AB1EA313540031D554 /* ContainerViewController.swift in Sources */ = {isa = PBXBuildFile; fileRef = CD9381AA1EA313540031D554 /* ContainerViewController.swift */; };
		CD9381AE1EA313930031D554 /* MenuViewController.swift in Sources */ = {isa = PBXBuildFile; fileRef = CD9381AD1EA313930031D554 /* MenuViewController.swift */; };
		CD9381B21EA314870031D554 /* HomeViewController.swift in Sources */ = {isa = PBXBuildFile; fileRef = CD9381B11EA314870031D554 /* HomeViewController.swift */; };
		CD9381B51EA314990031D554 /* Protocols.swift in Sources */ = {isa = PBXBuildFile; fileRef = CD9381B41EA314990031D554 /* Protocols.swift */; };
		CD9381B71EA318550031D554 /* UIStoryboard.swift in Sources */ = {isa = PBXBuildFile; fileRef = CD9381B61EA318550031D554 /* UIStoryboard.swift */; };
		CDC493FB1E9ED0C10091E58F /* Constant.swift in Sources */ = {isa = PBXBuildFile; fileRef = CDC493FA1E9ED0C10091E58F /* Constant.swift */; };
		CDC493FF1E9ED4280091E58F /* Logger.swift in Sources */ = {isa = PBXBuildFile; fileRef = CDC493FE1E9ED4280091E58F /* Logger.swift */; };
		CDC494071E9F12CF0091E58F /* digital-7 (italic).ttf in Resources */ = {isa = PBXBuildFile; fileRef = CDC494021E9F12CF0091E58F /* digital-7 (italic).ttf */; };
		CDC494081E9F12CF0091E58F /* digital-7 (mono italic).ttf in Resources */ = {isa = PBXBuildFile; fileRef = CDC494031E9F12CF0091E58F /* digital-7 (mono italic).ttf */; };
		CDC494091E9F12CF0091E58F /* digital-7 (mono).ttf in Resources */ = {isa = PBXBuildFile; fileRef = CDC494041E9F12CF0091E58F /* digital-7 (mono).ttf */; };
		CDC4940A1E9F12CF0091E58F /* digital-7.ttf in Resources */ = {isa = PBXBuildFile; fileRef = CDC494051E9F12CF0091E58F /* digital-7.ttf */; };
		CDC4940B1E9F12CF0091E58F /* readme.txt in Resources */ = {isa = PBXBuildFile; fileRef = CDC494061E9F12CF0091E58F /* readme.txt */; };
/* End PBXBuildFile section */

/* Begin PBXFileReference section */
		CD0AE3A71EA46514007A3798 /* PassthroughView.swift */ = {isa = PBXFileReference; fileEncoding = 4; lastKnownFileType = sourcecode.swift; path = PassthroughView.swift; sourceTree = "<group>"; };
		CD583C601EA050CD000D624A /* UIColor.swift */ = {isa = PBXFileReference; fileEncoding = 4; lastKnownFileType = sourcecode.swift; path = UIColor.swift; sourceTree = "<group>"; };
		CD583C621EA05C83000D624A /* MM3DButton.swift */ = {isa = PBXFileReference; fileEncoding = 4; lastKnownFileType = sourcecode.swift; path = MM3DButton.swift; sourceTree = "<group>"; };
		CD583C641EA06A6D000D624A /* TestData.swift */ = {isa = PBXFileReference; fileEncoding = 4; lastKnownFileType = sourcecode.swift; path = TestData.swift; sourceTree = "<group>"; };
		CD6F3CE91E99E9EE005B42A5 /* Mah Income.app */ = {isa = PBXFileReference; explicitFileType = wrapper.application; includeInIndex = 0; path = "Mah Income.app"; sourceTree = BUILT_PRODUCTS_DIR; };
		CD6F3CEC1E99E9EE005B42A5 /* AppDelegate.swift */ = {isa = PBXFileReference; lastKnownFileType = sourcecode.swift; path = AppDelegate.swift; sourceTree = "<group>"; };
		CD6F3CF11E99E9EE005B42A5 /* Base */ = {isa = PBXFileReference; lastKnownFileType = file.storyboard; name = Base; path = Base.lproj/Main.storyboard; sourceTree = "<group>"; };
		CD6F3CF31E99E9EE005B42A5 /* Assets.xcassets */ = {isa = PBXFileReference; lastKnownFileType = folder.assetcatalog; path = Assets.xcassets; sourceTree = "<group>"; };
		CD6F3CF61E99E9EE005B42A5 /* Base */ = {isa = PBXFileReference; lastKnownFileType = file.storyboard; name = Base; path = Base.lproj/LaunchScreen.storyboard; sourceTree = "<group>"; };
		CD6F3CF81E99E9EE005B42A5 /* Info.plist */ = {isa = PBXFileReference; lastKnownFileType = text.plist.xml; path = Info.plist; sourceTree = "<group>"; };
		CD6F3CFF1E99EACA005B42A5 /* NumberButton.swift */ = {isa = PBXFileReference; fileEncoding = 4; lastKnownFileType = sourcecode.swift; path = NumberButton.swift; sourceTree = "<group>"; };
		CD77E2AA1EA53E4D004CC7F3 /* PaddingTextField.swift */ = {isa = PBXFileReference; fileEncoding = 4; lastKnownFileType = sourcecode.swift; path = PaddingTextField.swift; sourceTree = "<group>"; };
		CD77E2B71EA552E1004CC7F3 /* CardBaseCollectionViewLayout.swift */ = {isa = PBXFileReference; fileEncoding = 4; lastKnownFileType = sourcecode.swift; path = CardBaseCollectionViewLayout.swift; sourceTree = "<group>"; };
		CD77E2B91EA55AF8004CC7F3 /* AddPaymentViewController.swift */ = {isa = PBXFileReference; fileEncoding = 4; lastKnownFileType = sourcecode.swift; path = AddPaymentViewController.swift; sourceTree = "<group>"; };
		CD77E2BB1EA55B1C004CC7F3 /* CategoryLayoutAttribute.swift */ = {isa = PBXFileReference; fileEncoding = 4; lastKnownFileType = sourcecode.swift; path = CategoryLayoutAttribute.swift; sourceTree = "<group>"; };
		CD77E2BD1EA55BB6004CC7F3 /* CategoryCollectionViewCell.swift */ = {isa = PBXFileReference; fileEncoding = 4; lastKnownFileType = sourcecode.swift; path = CategoryCollectionViewCell.swift; sourceTree = "<group>"; };
		CD77E2BF1EA55ED1004CC7F3 /* CategoryReasonViewModel.swift */ = {isa = PBXFileReference; fileEncoding = 4; lastKnownFileType = sourcecode.swift; path = CategoryReasonViewModel.swift; sourceTree = "<group>"; };
		CD77E2C11EA56DBA004CC7F3 /* UIView.swift */ = {isa = PBXFileReference; fileEncoding = 4; lastKnownFileType = sourcecode.swift; path = UIView.swift; sourceTree = "<group>"; };
		CD77E2C41EA5930F004CC7F3 /* ListReasonConfigurator.swift */ = {isa = PBXFileReference; fileEncoding = 4; lastKnownFileType = sourcecode.swift; path = ListReasonConfigurator.swift; sourceTree = "<group>"; };
		CD77E2C51EA5930F004CC7F3 /* ListReasonRouter.swift */ = {isa = PBXFileReference; fileEncoding = 4; lastKnownFileType = sourcecode.swift; path = ListReasonRouter.swift; sourceTree = "<group>"; };
		CD77E2C61EA5930F004CC7F3 /* ListReasonViewController.swift */ = {isa = PBXFileReference; fileEncoding = 4; lastKnownFileType = sourcecode.swift; path = ListReasonViewController.swift; sourceTree = "<group>"; };
		CD77E2C71EA5930F004CC7F3 /* ReasonTableViewCell.swift */ = {isa = PBXFileReference; fileEncoding = 4; lastKnownFileType = sourcecode.swift; path = ReasonTableViewCell.swift; sourceTree = "<group>"; };
		CD77E2C81EA5930F004CC7F3 /* ReasonViewModel.swift */ = {isa = PBXFileReference; fileEncoding = 4; lastKnownFileType = sourcecode.swift; path = ReasonViewModel.swift; sourceTree = "<group>"; };
		CD77E2CF1EA5934F004CC7F3 /* AddReasonConfigurator.swift */ = {isa = PBXFileReference; fileEncoding = 4; lastKnownFileType = sourcecode.swift; path = AddReasonConfigurator.swift; sourceTree = "<group>"; };
		CD77E2D01EA5934F004CC7F3 /* AddReasonRouter.swift */ = {isa = PBXFileReference; fileEncoding = 4; lastKnownFileType = sourcecode.swift; path = AddReasonRouter.swift; sourceTree = "<group>"; };
		CD77E2D11EA5934F004CC7F3 /* AddReasonViewController.swift */ = {isa = PBXFileReference; fileEncoding = 4; lastKnownFileType = sourcecode.swift; path = AddReasonViewController.swift; sourceTree = "<group>"; };
		CD77E2D51EA593C9004CC7F3 /* AddPaymentRouter.swift */ = {isa = PBXFileReference; fileEncoding = 4; lastKnownFileType = sourcecode.swift; path = AddPaymentRouter.swift; sourceTree = "<group>"; };
		CD77E2D71EA59424004CC7F3 /* AddPaymentConfigurator.swift */ = {isa = PBXFileReference; fileEncoding = 4; lastKnownFileType = sourcecode.swift; path = AddPaymentConfigurator.swift; sourceTree = "<group>"; };
		CD77E2DA1EA595E5004CC7F3 /* LinearTransitionAnimator.swift */ = {isa = PBXFileReference; fileEncoding = 4; lastKnownFileType = sourcecode.swift; path = LinearTransitionAnimator.swift; sourceTree = "<group>"; };
		CD77E2DC1EA5A182004CC7F3 /* DimmingPresentationController.swift */ = {isa = PBXFileReference; fileEncoding = 4; lastKnownFileType = sourcecode.swift; path = DimmingPresentationController.swift; sourceTree = "<group>"; };
		CD9381AA1EA313540031D554 /* ContainerViewController.swift */ = {isa = PBXFileReference; fileEncoding = 4; lastKnownFileType = sourcecode.swift; path = ContainerViewController.swift; sourceTree = "<group>"; };
		CD9381AD1EA313930031D554 /* MenuViewController.swift */ = {isa = PBXFileReference; fileEncoding = 4; lastKnownFileType = sourcecode.swift; path = MenuViewController.swift; sourceTree = "<group>"; };
		CD9381B11EA314870031D554 /* HomeViewController.swift */ = {isa = PBXFileReference; fileEncoding = 4; lastKnownFileType = sourcecode.swift; path = HomeViewController.swift; sourceTree = "<group>"; };
		CD9381B41EA314990031D554 /* Protocols.swift */ = {isa = PBXFileReference; fileEncoding = 4; lastKnownFileType = sourcecode.swift; path = Protocols.swift; sourceTree = "<group>"; };
		CD9381B61EA318550031D554 /* UIStoryboard.swift */ = {isa = PBXFileReference; fileEncoding = 4; lastKnownFileType = sourcecode.swift; path = UIStoryboard.swift; sourceTree = "<group>"; };
		CDC493FA1E9ED0C10091E58F /* Constant.swift */ = {isa = PBXFileReference; fileEncoding = 4; lastKnownFileType = sourcecode.swift; path = Constant.swift; sourceTree = "<group>"; };
		CDC493FE1E9ED4280091E58F /* Logger.swift */ = {isa = PBXFileReference; fileEncoding = 4; lastKnownFileType = sourcecode.swift; path = Logger.swift; sourceTree = "<group>"; };
		CDC494021E9F12CF0091E58F /* digital-7 (italic).ttf */ = {isa = PBXFileReference; lastKnownFileType = file; path = "digital-7 (italic).ttf"; sourceTree = "<group>"; };
		CDC494031E9F12CF0091E58F /* digital-7 (mono italic).ttf */ = {isa = PBXFileReference; lastKnownFileType = file; path = "digital-7 (mono italic).ttf"; sourceTree = "<group>"; };
		CDC494041E9F12CF0091E58F /* digital-7 (mono).ttf */ = {isa = PBXFileReference; lastKnownFileType = file; path = "digital-7 (mono).ttf"; sourceTree = "<group>"; };
		CDC494051E9F12CF0091E58F /* digital-7.ttf */ = {isa = PBXFileReference; lastKnownFileType = file; path = "digital-7.ttf"; sourceTree = "<group>"; };
		CDC494061E9F12CF0091E58F /* readme.txt */ = {isa = PBXFileReference; fileEncoding = 4; lastKnownFileType = text; path = readme.txt; sourceTree = "<group>"; };
/* End PBXFileReference section */

/* Begin PBXFrameworksBuildPhase section */
		CD6F3CE61E99E9EE005B42A5 /* Frameworks */ = {
			isa = PBXFrameworksBuildPhase;
			buildActionMask = 2147483647;
			files = (
			);
			runOnlyForDeploymentPostprocessing = 0;
		};
/* End PBXFrameworksBuildPhase section */

/* Begin PBXGroup section */
		CD02F5581EA6F86C0000227A /* Menu */ = {
			isa = PBXGroup;
			children = (
			);
			path = Menu;
			sourceTree = "<group>";
		};
		CD0AE3A01EA45BE5007A3798 /* Add Bill */ = {
			isa = PBXGroup;
			children = (
				CD77E2CE1EA5933C004CC7F3 /* Add Reason */,
				CD77E2C31EA592CE004CC7F3 /* List Reason */,
				CD77E2B91EA55AF8004CC7F3 /* AddPaymentViewController.swift */,
				CD77E2BB1EA55B1C004CC7F3 /* CategoryLayoutAttribute.swift */,
				CD77E2BD1EA55BB6004CC7F3 /* CategoryCollectionViewCell.swift */,
				CD77E2BF1EA55ED1004CC7F3 /* CategoryReasonViewModel.swift */,
				CD77E2D51EA593C9004CC7F3 /* AddPaymentRouter.swift */,
				CD77E2D71EA59424004CC7F3 /* AddPaymentConfigurator.swift */,
			);
			path = "Add Bill";
			sourceTree = "<group>";
		};
		CD583C5F1EA050C5000D624A /* Extension */ = {
			isa = PBXGroup;
			children = (
				CD583C601EA050CD000D624A /* UIColor.swift */,
				CD9381B61EA318550031D554 /* UIStoryboard.swift */,
				CD77E2C11EA56DBA004CC7F3 /* UIView.swift */,
			);
			path = Extension;
			sourceTree = "<group>";
		};
		CD6F3CE01E99E9EE005B42A5 = {
			isa = PBXGroup;
			children = (
				CD6F3CEB1E99E9EE005B42A5 /* Mah Income */,
				CD6F3CEA1E99E9EE005B42A5 /* Products */,
			);
			sourceTree = "<group>";
		};
		CD6F3CEA1E99E9EE005B42A5 /* Products */ = {
			isa = PBXGroup;
			children = (
				CD6F3CE91E99E9EE005B42A5 /* Mah Income.app */,
			);
			name = Products;
			sourceTree = "<group>";
		};
		CD6F3CEB1E99E9EE005B42A5 /* Mah Income */ = {
			isa = PBXGroup;
			children = (
				CD77E2D91EA595AF004CC7F3 /* TransitionAnimator */,
				CD77E2B61EA552CB004CC7F3 /* CollectionView Layout */,
				CD9381B31EA314920031D554 /* Protocols */,
				CD9381AF1EA314560031D554 /* Scenes */,
				CD9381AC1EA3138A0031D554 /* Menu */,
				CD9381A91EA313380031D554 /* Container Controller  */,
				CD583C5F1EA050C5000D624A /* Extension */,
				CDC494001E9F12C50091E58F /* Font */,
				CDC493FD1E9ED41E0091E58F /* Logger */,
				CDC493F91E9ED0B80091E58F /* Utils */,
				CD6F3CFE1E99EABB005B42A5 /* Custom View */,
				CD6F3CEC1E99E9EE005B42A5 /* AppDelegate.swift */,
				CD6F3CF01E99E9EE005B42A5 /* Main.storyboard */,
				CD6F3CF31E99E9EE005B42A5 /* Assets.xcassets */,
				CD6F3CF51E99E9EE005B42A5 /* LaunchScreen.storyboard */,
				CD6F3CF81E99E9EE005B42A5 /* Info.plist */,
			);
			path = "Mah Income";
			sourceTree = "<group>";
		};
		CD6F3CFE1E99EABB005B42A5 /* Custom View */ = {
			isa = PBXGroup;
			children = (
				CD6F3CFF1E99EACA005B42A5 /* NumberButton.swift */,
				CD583C621EA05C83000D624A /* MM3DButton.swift */,
				CD0AE3A71EA46514007A3798 /* PassthroughView.swift */,
				CD77E2AA1EA53E4D004CC7F3 /* PaddingTextField.swift */,
			);
			path = "Custom View";
			sourceTree = "<group>";
		};
		CD77E2B61EA552CB004CC7F3 /* CollectionView Layout */ = {
			isa = PBXGroup;
			children = (
				CD77E2B71EA552E1004CC7F3 /* CardBaseCollectionViewLayout.swift */,
			);
			path = "CollectionView Layout";
			sourceTree = "<group>";
		};
		CD77E2C31EA592CE004CC7F3 /* List Reason */ = {
			isa = PBXGroup;
			children = (
				CD77E2C41EA5930F004CC7F3 /* ListReasonConfigurator.swift */,
				CD77E2C51EA5930F004CC7F3 /* ListReasonRouter.swift */,
				CD77E2C61EA5930F004CC7F3 /* ListReasonViewController.swift */,
				CD77E2C71EA5930F004CC7F3 /* ReasonTableViewCell.swift */,
				CD77E2C81EA5930F004CC7F3 /* ReasonViewModel.swift */,
			);
			path = "List Reason";
			sourceTree = "<group>";
		};
		CD77E2CE1EA5933C004CC7F3 /* Add Reason */ = {
			isa = PBXGroup;
			children = (
				CD77E2CF1EA5934F004CC7F3 /* AddReasonConfigurator.swift */,
				CD77E2D01EA5934F004CC7F3 /* AddReasonRouter.swift */,
				CD77E2D11EA5934F004CC7F3 /* AddReasonViewController.swift */,
			);
			path = "Add Reason";
			sourceTree = "<group>";
		};
		CD77E2D91EA595AF004CC7F3 /* TransitionAnimator */ = {
			isa = PBXGroup;
			children = (
				CD77E2DA1EA595E5004CC7F3 /* LinearTransitionAnimator.swift */,
				CD77E2DC1EA5A182004CC7F3 /* DimmingPresentationController.swift */,
			);
			path = TransitionAnimator;
			sourceTree = "<group>";
		};
		CD9381A91EA313380031D554 /* Container Controller  */ = {
			isa = PBXGroup;
			children = (
				CD9381AA1EA313540031D554 /* ContainerViewController.swift */,
			);
			name = "Container Controller ";
			path = "Parent Controller ";
			sourceTree = "<group>";
		};
		CD9381AC1EA3138A0031D554 /* Menu */ = {
			isa = PBXGroup;
			children = (
				CD9381AD1EA313930031D554 /* MenuViewController.swift */,
			);
			path = Menu;
			sourceTree = "<group>";
		};
		CD9381AF1EA314560031D554 /* Scenes */ = {
			isa = PBXGroup;
			children = (
				CD02F5581EA6F86C0000227A /* Menu */,
				CD0AE3A01EA45BE5007A3798 /* Add Bill */,
				CD9381B01EA3146A0031D554 /* Home */,
			);
			path = Scenes;
			sourceTree = "<group>";
		};
		CD9381B01EA3146A0031D554 /* Home */ = {
			isa = PBXGroup;
			children = (
				CD9381B11EA314870031D554 /* HomeViewController.swift */,
			);
			name = Home;
			path = "Home Scene";
			sourceTree = "<group>";
		};
		CD9381B31EA314920031D554 /* Protocols */ = {
			isa = PBXGroup;
			children = (
				CD9381B41EA314990031D554 /* Protocols.swift */,
			);
			path = Protocols;
			sourceTree = "<group>";
		};
		CDC493F91E9ED0B80091E58F /* Utils */ = {
			isa = PBXGroup;
			children = (
				CDC493FA1E9ED0C10091E58F /* Constant.swift */,
			);
			path = Utils;
			sourceTree = "<group>";
		};
		CDC493FD1E9ED41E0091E58F /* Logger */ = {
			isa = PBXGroup;
			children = (
				CDC493FE1E9ED4280091E58F /* Logger.swift */,
				CD583C641EA06A6D000D624A /* TestData.swift */,
			);
			path = Logger;
			sourceTree = "<group>";
		};
		CDC494001E9F12C50091E58F /* Font */ = {
			isa = PBXGroup;
			children = (
				CDC494011E9F12CF0091E58F /* digital-7 */,
			);
			path = Font;
			sourceTree = "<group>";
		};
		CDC494011E9F12CF0091E58F /* digital-7 */ = {
			isa = PBXGroup;
			children = (
				CDC494021E9F12CF0091E58F /* digital-7 (italic).ttf */,
				CDC494031E9F12CF0091E58F /* digital-7 (mono italic).ttf */,
				CDC494041E9F12CF0091E58F /* digital-7 (mono).ttf */,
				CDC494051E9F12CF0091E58F /* digital-7.ttf */,
				CDC494061E9F12CF0091E58F /* readme.txt */,
			);
			path = "digital-7";
			sourceTree = "<group>";
		};
/* End PBXGroup section */

/* Begin PBXNativeTarget section */
		CD6F3CE81E99E9EE005B42A5 /* Mah Income */ = {
			isa = PBXNativeTarget;
			buildConfigurationList = CD6F3CFB1E99E9EE005B42A5 /* Build configuration list for PBXNativeTarget "Mah Income" */;
			buildPhases = (
				CD6F3CE51E99E9EE005B42A5 /* Sources */,
				CD6F3CE61E99E9EE005B42A5 /* Frameworks */,
				CD6F3CE71E99E9EE005B42A5 /* Resources */,
			);
			buildRules = (
			);
			dependencies = (
			);
			name = "Mah Income";
			productName = "Mah Income";
			productReference = CD6F3CE91E99E9EE005B42A5 /* Mah Income.app */;
			productType = "com.apple.product-type.application";
		};
/* End PBXNativeTarget section */

/* Begin PBXProject section */
		CD6F3CE11E99E9EE005B42A5 /* Project object */ = {
			isa = PBXProject;
			attributes = {
				LastSwiftUpdateCheck = 0820;
				LastUpgradeCheck = 0820;
				ORGANIZATIONNAME = "Van Luu";
				TargetAttributes = {
					CD6F3CE81E99E9EE005B42A5 = {
						CreatedOnToolsVersion = 8.2.1;
						DevelopmentTeam = 6T98W5TB24;
						ProvisioningStyle = Automatic;
					};
				};
			};
			buildConfigurationList = CD6F3CE41E99E9EE005B42A5 /* Build configuration list for PBXProject "Mah Income" */;
			compatibilityVersion = "Xcode 3.2";
			developmentRegion = English;
			hasScannedForEncodings = 0;
			knownRegions = (
				en,
				Base,
			);
			mainGroup = CD6F3CE01E99E9EE005B42A5;
			productRefGroup = CD6F3CEA1E99E9EE005B42A5 /* Products */;
			projectDirPath = "";
			projectRoot = "";
			targets = (
				CD6F3CE81E99E9EE005B42A5 /* Mah Income */,
			);
		};
/* End PBXProject section */

/* Begin PBXResourcesBuildPhase section */
		CD6F3CE71E99E9EE005B42A5 /* Resources */ = {
			isa = PBXResourcesBuildPhase;
			buildActionMask = 2147483647;
			files = (
				CDC494091E9F12CF0091E58F /* digital-7 (mono).ttf in Resources */,
				CD6F3CF71E99E9EE005B42A5 /* LaunchScreen.storyboard in Resources */,
				CD6F3CF41E99E9EE005B42A5 /* Assets.xcassets in Resources */,
				CDC4940A1E9F12CF0091E58F /* digital-7.ttf in Resources */,
				CDC494081E9F12CF0091E58F /* digital-7 (mono italic).ttf in Resources */,
				CD6F3CF21E99E9EE005B42A5 /* Main.storyboard in Resources */,
				CDC4940B1E9F12CF0091E58F /* readme.txt in Resources */,
				CDC494071E9F12CF0091E58F /* digital-7 (italic).ttf in Resources */,
			);
			runOnlyForDeploymentPostprocessing = 0;
		};
/* End PBXResourcesBuildPhase section */

/* Begin PBXSourcesBuildPhase section */
		CD6F3CE51E99E9EE005B42A5 /* Sources */ = {
			isa = PBXSourcesBuildPhase;
			buildActionMask = 2147483647;
			files = (
				CD77E2AB1EA53E4D004CC7F3 /* PaddingTextField.swift in Sources */,
				CDC493FF1E9ED4280091E58F /* Logger.swift in Sources */,
				CD77E2C01EA55ED1004CC7F3 /* CategoryReasonViewModel.swift in Sources */,
				CD77E2D81EA59424004CC7F3 /* AddPaymentConfigurator.swift in Sources */,
				CD9381AE1EA313930031D554 /* MenuViewController.swift in Sources */,
				CD583C611EA050CD000D624A /* UIColor.swift in Sources */,
				CD77E2DB1EA595E5004CC7F3 /* LinearTransitionAnimator.swift in Sources */,
				CD0AE3A81EA46514007A3798 /* PassthroughView.swift in Sources */,
				CD9381B51EA314990031D554 /* Protocols.swift in Sources */,
				CD77E2BE1EA55BB6004CC7F3 /* CategoryCollectionViewCell.swift in Sources */,
				CD6F3D001E99EACA005B42A5 /* NumberButton.swift in Sources */,
				CD583C651EA06A6D000D624A /* TestData.swift in Sources */,
				CD77E2C91EA5930F004CC7F3 /* ListReasonConfigurator.swift in Sources */,
				CD77E2BC1EA55B1C004CC7F3 /* CategoryLayoutAttribute.swift in Sources */,
				CD77E2D31EA5934F004CC7F3 /* AddReasonRouter.swift in Sources */,
				CD6F3CED1E99E9EE005B42A5 /* AppDelegate.swift in Sources */,
				CD77E2CB1EA5930F004CC7F3 /* ListReasonViewController.swift in Sources */,
				CD77E2D21EA5934F004CC7F3 /* AddReasonConfigurator.swift in Sources */,
				CD9381B21EA314870031D554 /* HomeViewController.swift in Sources */,
				CD583C631EA05C83000D624A /* MM3DButton.swift in Sources */,
				CD77E2B81EA552E1004CC7F3 /* CardBaseCollectionViewLayout.swift in Sources */,
				CD9381AB1EA313540031D554 /* ContainerViewController.swift in Sources */,
				CD77E2CD1EA5930F004CC7F3 /* ReasonViewModel.swift in Sources */,
				CD77E2C21EA56DBA004CC7F3 /* UIView.swift in Sources */,
				CD77E2D61EA593C9004CC7F3 /* AddPaymentRouter.swift in Sources */,
				CD77E2CA1EA5930F004CC7F3 /* ListReasonRouter.swift in Sources */,
				CDC493FB1E9ED0C10091E58F /* Constant.swift in Sources */,
				CD77E2DD1EA5A182004CC7F3 /* DimmingPresentationController.swift in Sources */,
				CD77E2D41EA5934F004CC7F3 /* AddReasonViewController.swift in Sources */,
				CD9381B71EA318550031D554 /* UIStoryboard.swift in Sources */,
				CD77E2BA1EA55AF8004CC7F3 /* AddPaymentViewController.swift in Sources */,
				CD77E2CC1EA5930F004CC7F3 /* ReasonTableViewCell.swift in Sources */,
			);
			runOnlyForDeploymentPostprocessing = 0;
		};
/* End PBXSourcesBuildPhase section */

/* Begin PBXVariantGroup section */
		CD6F3CF01E99E9EE005B42A5 /* Main.storyboard */ = {
			isa = PBXVariantGroup;
			children = (
				CD6F3CF11E99E9EE005B42A5 /* Base */,
			);
			name = Main.storyboard;
			sourceTree = "<group>";
		};
		CD6F3CF51E99E9EE005B42A5 /* LaunchScreen.storyboard */ = {
			isa = PBXVariantGroup;
			children = (
				CD6F3CF61E99E9EE005B42A5 /* Base */,
			);
			name = LaunchScreen.storyboard;
			sourceTree = "<group>";
		};
/* End PBXVariantGroup section */

/* Begin XCBuildConfiguration section */
		CD6F3CF91E99E9EE005B42A5 /* Debug */ = {
			isa = XCBuildConfiguration;
			buildSettings = {
				ALWAYS_SEARCH_USER_PATHS = NO;
				CLANG_ANALYZER_NONNULL = YES;
				CLANG_CXX_LANGUAGE_STANDARD = "gnu++0x";
				CLANG_CXX_LIBRARY = "libc++";
				CLANG_ENABLE_MODULES = YES;
				CLANG_ENABLE_OBJC_ARC = YES;
				CLANG_WARN_BOOL_CONVERSION = YES;
				CLANG_WARN_CONSTANT_CONVERSION = YES;
				CLANG_WARN_DIRECT_OBJC_ISA_USAGE = YES_ERROR;
				CLANG_WARN_DOCUMENTATION_COMMENTS = YES;
				CLANG_WARN_EMPTY_BODY = YES;
				CLANG_WARN_ENUM_CONVERSION = YES;
				CLANG_WARN_INFINITE_RECURSION = YES;
				CLANG_WARN_INT_CONVERSION = YES;
				CLANG_WARN_OBJC_ROOT_CLASS = YES_ERROR;
				CLANG_WARN_SUSPICIOUS_MOVE = YES;
				CLANG_WARN_UNREACHABLE_CODE = YES;
				CLANG_WARN__DUPLICATE_METHOD_MATCH = YES;
				"CODE_SIGN_IDENTITY[sdk=iphoneos*]" = "iPhone Developer";
				COPY_PHASE_STRIP = NO;
				DEBUG_INFORMATION_FORMAT = dwarf;
				ENABLE_STRICT_OBJC_MSGSEND = YES;
				ENABLE_TESTABILITY = YES;
				GCC_C_LANGUAGE_STANDARD = gnu99;
				GCC_DYNAMIC_NO_PIC = NO;
				GCC_NO_COMMON_BLOCKS = YES;
				GCC_OPTIMIZATION_LEVEL = 0;
				GCC_PREPROCESSOR_DEFINITIONS = (
					"DEBUG=1",
					"$(inherited)",
				);
				GCC_WARN_64_TO_32_BIT_CONVERSION = YES;
				GCC_WARN_ABOUT_RETURN_TYPE = YES_ERROR;
				GCC_WARN_UNDECLARED_SELECTOR = YES;
				GCC_WARN_UNINITIALIZED_AUTOS = YES_AGGRESSIVE;
				GCC_WARN_UNUSED_FUNCTION = YES;
				GCC_WARN_UNUSED_VARIABLE = YES;
				IPHONEOS_DEPLOYMENT_TARGET = 10.2;
				MTL_ENABLE_DEBUG_INFO = YES;
				ONLY_ACTIVE_ARCH = YES;
				SDKROOT = iphoneos;
				SWIFT_ACTIVE_COMPILATION_CONDITIONS = DEBUG;
				SWIFT_OPTIMIZATION_LEVEL = "-Onone";
			};
			name = Debug;
		};
		CD6F3CFA1E99E9EE005B42A5 /* Release */ = {
			isa = XCBuildConfiguration;
			buildSettings = {
				ALWAYS_SEARCH_USER_PATHS = NO;
				CLANG_ANALYZER_NONNULL = YES;
				CLANG_CXX_LANGUAGE_STANDARD = "gnu++0x";
				CLANG_CXX_LIBRARY = "libc++";
				CLANG_ENABLE_MODULES = YES;
				CLANG_ENABLE_OBJC_ARC = YES;
				CLANG_WARN_BOOL_CONVERSION = YES;
				CLANG_WARN_CONSTANT_CONVERSION = YES;
				CLANG_WARN_DIRECT_OBJC_ISA_USAGE = YES_ERROR;
				CLANG_WARN_DOCUMENTATION_COMMENTS = YES;
				CLANG_WARN_EMPTY_BODY = YES;
				CLANG_WARN_ENUM_CONVERSION = YES;
				CLANG_WARN_INFINITE_RECURSION = YES;
				CLANG_WARN_INT_CONVERSION = YES;
				CLANG_WARN_OBJC_ROOT_CLASS = YES_ERROR;
				CLANG_WARN_SUSPICIOUS_MOVE = YES;
				CLANG_WARN_UNREACHABLE_CODE = YES;
				CLANG_WARN__DUPLICATE_METHOD_MATCH = YES;
				"CODE_SIGN_IDENTITY[sdk=iphoneos*]" = "iPhone Developer";
				COPY_PHASE_STRIP = NO;
				DEBUG_INFORMATION_FORMAT = "dwarf-with-dsym";
				ENABLE_NS_ASSERTIONS = NO;
				ENABLE_STRICT_OBJC_MSGSEND = YES;
				GCC_C_LANGUAGE_STANDARD = gnu99;
				GCC_NO_COMMON_BLOCKS = YES;
				GCC_WARN_64_TO_32_BIT_CONVERSION = YES;
				GCC_WARN_ABOUT_RETURN_TYPE = YES_ERROR;
				GCC_WARN_UNDECLARED_SELECTOR = YES;
				GCC_WARN_UNINITIALIZED_AUTOS = YES_AGGRESSIVE;
				GCC_WARN_UNUSED_FUNCTION = YES;
				GCC_WARN_UNUSED_VARIABLE = YES;
				IPHONEOS_DEPLOYMENT_TARGET = 10.2;
				MTL_ENABLE_DEBUG_INFO = NO;
				SDKROOT = iphoneos;
				SWIFT_OPTIMIZATION_LEVEL = "-Owholemodule";
				VALIDATE_PRODUCT = YES;
			};
			name = Release;
		};
		CD6F3CFC1E99E9EE005B42A5 /* Debug */ = {
			isa = XCBuildConfiguration;
			buildSettings = {
				ASSETCATALOG_COMPILER_APPICON_NAME = AppIcon;
				DEVELOPMENT_TEAM = 6T98W5TB24;
				INFOPLIST_FILE = "Mah Income/Info.plist";
				LD_RUNPATH_SEARCH_PATHS = "$(inherited) @executable_path/Frameworks";
				PRODUCT_BUNDLE_IDENTIFIER = "com.vanluu.Mah-Income";
				PRODUCT_NAME = "$(TARGET_NAME)";
				SWIFT_VERSION = 3.0;
			};
			name = Debug;
		};
		CD6F3CFD1E99E9EE005B42A5 /* Release */ = {
			isa = XCBuildConfiguration;
			buildSettings = {
				ASSETCATALOG_COMPILER_APPICON_NAME = AppIcon;
				DEVELOPMENT_TEAM = 6T98W5TB24;
				INFOPLIST_FILE = "Mah Income/Info.plist";
				LD_RUNPATH_SEARCH_PATHS = "$(inherited) @executable_path/Frameworks";
				PRODUCT_BUNDLE_IDENTIFIER = "com.vanluu.Mah-Income";
				PRODUCT_NAME = "$(TARGET_NAME)";
				SWIFT_VERSION = 3.0;
			};
			name = Release;
		};
/* End XCBuildConfiguration section */

/* Begin XCConfigurationList section */
		CD6F3CE41E99E9EE005B42A5 /* Build configuration list for PBXProject "Mah Income" */ = {
			isa = XCConfigurationList;
			buildConfigurations = (
				CD6F3CF91E99E9EE005B42A5 /* Debug */,
				CD6F3CFA1E99E9EE005B42A5 /* Release */,
			);
			defaultConfigurationIsVisible = 0;
			defaultConfigurationName = Release;
		};
		CD6F3CFB1E99E9EE005B42A5 /* Build configuration list for PBXNativeTarget "Mah Income" */ = {
			isa = XCConfigurationList;
			buildConfigurations = (
				CD6F3CFC1E99E9EE005B42A5 /* Debug */,
				CD6F3CFD1E99E9EE005B42A5 /* Release */,
			);
			defaultConfigurationIsVisible = 0;
			defaultConfigurationName = Release;
		};
/* End XCConfigurationList section */
	};
	rootObject = CD6F3CE11E99E9EE005B42A5 /* Project object */;
}
